// !$*UTF8*$!
{
	archiveVersion = 1;
	classes = {
	};
	objectVersion = 54;
	objects = {

/* Begin PBXBuildFile section */
		30743CC926166CC600F1C98D /* MainView.swift in Sources */ = {isa = PBXBuildFile; fileRef = 30743CC826166CC600F1C98D /* MainView.swift */; };
		30743CCE26166D3000F1C98D /* RatedBooksView.swift in Sources */ = {isa = PBXBuildFile; fileRef = 30743CCD26166D3000F1C98D /* RatedBooksView.swift */; };
		30743CD326166E9E00F1C98D /* SuggestionsView.swift in Sources */ = {isa = PBXBuildFile; fileRef = 30743CD226166E9E00F1C98D /* SuggestionsView.swift */; };
		30743CDB2616719100F1C98D /* AccountView.swift in Sources */ = {isa = PBXBuildFile; fileRef = 30743CDA2616719100F1C98D /* AccountView.swift */; };
		3074A1C42635975E001965BB /* Author.swift in Sources */ = {isa = PBXBuildFile; fileRef = 3074A1C32635975E001965BB /* Author.swift */; };
		3093E56A265ABEAA00973AE9 /* CurrentAndRequiredRatings.swift in Sources */ = {isa = PBXBuildFile; fileRef = 3093E569265ABEAA00973AE9 /* CurrentAndRequiredRatings.swift */; };
		30AB77AA2636FCF60031A732 /* BookView.swift in Sources */ = {isa = PBXBuildFile; fileRef = 30AB77A92636FCF60031A732 /* BookView.swift */; };
		30CD6C1B2617A04B00BAA7E4 /* Book.swift in Sources */ = {isa = PBXBuildFile; fileRef = 30CD6C1A2617A04B00BAA7E4 /* Book.swift */; };
		30DD2033261278FA00ED696C /* Library21App.swift in Sources */ = {isa = PBXBuildFile; fileRef = 30DD2032261278FA00ED696C /* Library21App.swift */; };
		30DD2035261278FA00ED696C /* BrowseBooksView.swift in Sources */ = {isa = PBXBuildFile; fileRef = 30DD2034261278FA00ED696C /* BrowseBooksView.swift */; };
		30DD2037261278FC00ED696C /* Assets.xcassets in Resources */ = {isa = PBXBuildFile; fileRef = 30DD2036261278FC00ED696C /* Assets.xcassets */; };
		30DD203A261278FC00ED696C /* Preview Assets.xcassets in Resources */ = {isa = PBXBuildFile; fileRef = 30DD2039261278FC00ED696C /* Preview Assets.xcassets */; };
		30DD2045261278FD00ED696C /* Library21Tests.swift in Sources */ = {isa = PBXBuildFile; fileRef = 30DD2044261278FD00ED696C /* Library21Tests.swift */; };
		30DD2050261278FD00ED696C /* Library21UITests.swift in Sources */ = {isa = PBXBuildFile; fileRef = 30DD204F261278FD00ED696C /* Library21UITests.swift */; };
		30F1EB712636CE29005E6CBA /* Genre.swift in Sources */ = {isa = PBXBuildFile; fileRef = 30F1EB702636CE29005E6CBA /* Genre.swift */; };
		9518D1C226374E5B00D76BDF /* BookInstance.swift in Sources */ = {isa = PBXBuildFile; fileRef = 9518D1C126374E5B00D76BDF /* BookInstance.swift */; };
		9518D1C726374F8300D76BDF /* BookDetailsView.swift in Sources */ = {isa = PBXBuildFile; fileRef = 9518D1C626374F8300D76BDF /* BookDetailsView.swift */; };
		9535B8872652CB25007E8274 /* LibraryService.swift in Sources */ = {isa = PBXBuildFile; fileRef = 9535B8862652CB25007E8274 /* LibraryService.swift */; };
		9535B88C2652CB8C007E8274 /* LoginView.swift in Sources */ = {isa = PBXBuildFile; fileRef = 9535B88B2652CB8C007E8274 /* LoginView.swift */; };
		9535B8912652CD32007E8274 /* User.swift in Sources */ = {isa = PBXBuildFile; fileRef = 9535B8902652CD32007E8274 /* User.swift */; };
		9535B8A026530513007E8274 /* PasswordEditView.swift in Sources */ = {isa = PBXBuildFile; fileRef = 9535B89F26530513007E8274 /* PasswordEditView.swift */; };
		9542BDEC2639C44800D22E5C /* DateFormatterExtension.swift in Sources */ = {isa = PBXBuildFile; fileRef = 9542BDEB2639C44800D22E5C /* DateFormatterExtension.swift */; };
		9547A5592655728300C11DBE /* BookWithRating.swift in Sources */ = {isa = PBXBuildFile; fileRef = 9547A5582655728300C11DBE /* BookWithRating.swift */; };
		9547A566265575A300C11DBE /* BookWithCopies.swift in Sources */ = {isa = PBXBuildFile; fileRef = 9547A565265575A300C11DBE /* BookWithCopies.swift */; };
		9547A56B2655784D00C11DBE /* BookWithRatingView.swift in Sources */ = {isa = PBXBuildFile; fileRef = 9547A56A2655784D00C11DBE /* BookWithRatingView.swift */; };
		9550687A2654277E008C3BC3 /* BookRaiting.swift in Sources */ = {isa = PBXBuildFile; fileRef = 955068792654277E008C3BC3 /* BookRaiting.swift */; };
		9550688026542ED4008C3BC3 /* SwiftUIRefresh in Frameworks */ = {isa = PBXBuildFile; productRef = 9550687F26542ED4008C3BC3 /* SwiftUIRefresh */; };
		95FB89A126376AC9002ABFF9 /* BookInstanceView.swift in Sources */ = {isa = PBXBuildFile; fileRef = 95FB89A026376AC9002ABFF9 /* BookInstanceView.swift */; };
/* End PBXBuildFile section */

/* Begin PBXContainerItemProxy section */
		30DD2041261278FD00ED696C /* PBXContainerItemProxy */ = {
			isa = PBXContainerItemProxy;
			containerPortal = 30DD2027261278FA00ED696C /* Project object */;
			proxyType = 1;
			remoteGlobalIDString = 30DD202E261278FA00ED696C;
			remoteInfo = Library21;
		};
		30DD204C261278FD00ED696C /* PBXContainerItemProxy */ = {
			isa = PBXContainerItemProxy;
			containerPortal = 30DD2027261278FA00ED696C /* Project object */;
			proxyType = 1;
			remoteGlobalIDString = 30DD202E261278FA00ED696C;
			remoteInfo = Library21;
		};
/* End PBXContainerItemProxy section */

/* Begin PBXFileReference section */
		30743CC826166CC600F1C98D /* MainView.swift */ = {isa = PBXFileReference; lastKnownFileType = sourcecode.swift; path = MainView.swift; sourceTree = "<group>"; };
		30743CCD26166D3000F1C98D /* RatedBooksView.swift */ = {isa = PBXFileReference; lastKnownFileType = sourcecode.swift; path = RatedBooksView.swift; sourceTree = "<group>"; };
		30743CD226166E9E00F1C98D /* SuggestionsView.swift */ = {isa = PBXFileReference; lastKnownFileType = sourcecode.swift; path = SuggestionsView.swift; sourceTree = "<group>"; };
		30743CDA2616719100F1C98D /* AccountView.swift */ = {isa = PBXFileReference; lastKnownFileType = sourcecode.swift; path = AccountView.swift; sourceTree = "<group>"; };
		3074A1C32635975E001965BB /* Author.swift */ = {isa = PBXFileReference; lastKnownFileType = sourcecode.swift; path = Author.swift; sourceTree = "<group>"; };
		3093E569265ABEAA00973AE9 /* CurrentAndRequiredRatings.swift */ = {isa = PBXFileReference; lastKnownFileType = sourcecode.swift; path = CurrentAndRequiredRatings.swift; sourceTree = "<group>"; };
		30AB77A92636FCF60031A732 /* BookView.swift */ = {isa = PBXFileReference; lastKnownFileType = sourcecode.swift; path = BookView.swift; sourceTree = "<group>"; };
		30CD6C1A2617A04B00BAA7E4 /* Book.swift */ = {isa = PBXFileReference; lastKnownFileType = sourcecode.swift; path = Book.swift; sourceTree = "<group>"; };
		30DD202F261278FA00ED696C /* Library21.app */ = {isa = PBXFileReference; explicitFileType = wrapper.application; includeInIndex = 0; path = Library21.app; sourceTree = BUILT_PRODUCTS_DIR; };
		30DD2032261278FA00ED696C /* Library21App.swift */ = {isa = PBXFileReference; lastKnownFileType = sourcecode.swift; path = Library21App.swift; sourceTree = "<group>"; };
		30DD2034261278FA00ED696C /* BrowseBooksView.swift */ = {isa = PBXFileReference; lastKnownFileType = sourcecode.swift; path = BrowseBooksView.swift; sourceTree = "<group>"; };
		30DD2036261278FC00ED696C /* Assets.xcassets */ = {isa = PBXFileReference; lastKnownFileType = folder.assetcatalog; path = Assets.xcassets; sourceTree = "<group>"; };
		30DD2039261278FC00ED696C /* Preview Assets.xcassets */ = {isa = PBXFileReference; lastKnownFileType = folder.assetcatalog; path = "Preview Assets.xcassets"; sourceTree = "<group>"; };
		30DD203B261278FC00ED696C /* Info.plist */ = {isa = PBXFileReference; lastKnownFileType = text.plist.xml; path = Info.plist; sourceTree = "<group>"; };
		30DD2040261278FD00ED696C /* Library21Tests.xctest */ = {isa = PBXFileReference; explicitFileType = wrapper.cfbundle; includeInIndex = 0; path = Library21Tests.xctest; sourceTree = BUILT_PRODUCTS_DIR; };
		30DD2044261278FD00ED696C /* Library21Tests.swift */ = {isa = PBXFileReference; lastKnownFileType = sourcecode.swift; path = Library21Tests.swift; sourceTree = "<group>"; };
		30DD2046261278FD00ED696C /* Info.plist */ = {isa = PBXFileReference; lastKnownFileType = text.plist.xml; path = Info.plist; sourceTree = "<group>"; };
		30DD204B261278FD00ED696C /* Library21UITests.xctest */ = {isa = PBXFileReference; explicitFileType = wrapper.cfbundle; includeInIndex = 0; path = Library21UITests.xctest; sourceTree = BUILT_PRODUCTS_DIR; };
		30DD204F261278FD00ED696C /* Library21UITests.swift */ = {isa = PBXFileReference; lastKnownFileType = sourcecode.swift; path = Library21UITests.swift; sourceTree = "<group>"; };
		30DD2051261278FD00ED696C /* Info.plist */ = {isa = PBXFileReference; lastKnownFileType = text.plist.xml; path = Info.plist; sourceTree = "<group>"; };
		30F1EB702636CE29005E6CBA /* Genre.swift */ = {isa = PBXFileReference; lastKnownFileType = sourcecode.swift; path = Genre.swift; sourceTree = "<group>"; };
		9518D1C126374E5B00D76BDF /* BookInstance.swift */ = {isa = PBXFileReference; fileEncoding = 4; lastKnownFileType = sourcecode.swift; path = BookInstance.swift; sourceTree = "<group>"; };
		9518D1C626374F8300D76BDF /* BookDetailsView.swift */ = {isa = PBXFileReference; fileEncoding = 4; lastKnownFileType = sourcecode.swift; path = BookDetailsView.swift; sourceTree = "<group>"; };
		9535B8862652CB25007E8274 /* LibraryService.swift */ = {isa = PBXFileReference; lastKnownFileType = sourcecode.swift; path = LibraryService.swift; sourceTree = "<group>"; };
		9535B88B2652CB8C007E8274 /* LoginView.swift */ = {isa = PBXFileReference; lastKnownFileType = sourcecode.swift; path = LoginView.swift; sourceTree = "<group>"; };
		9535B8902652CD32007E8274 /* User.swift */ = {isa = PBXFileReference; fileEncoding = 4; lastKnownFileType = sourcecode.swift; path = User.swift; sourceTree = "<group>"; };
		9535B89F26530513007E8274 /* PasswordEditView.swift */ = {isa = PBXFileReference; lastKnownFileType = sourcecode.swift; path = PasswordEditView.swift; sourceTree = "<group>"; };
		9542BDEB2639C44800D22E5C /* DateFormatterExtension.swift */ = {isa = PBXFileReference; lastKnownFileType = sourcecode.swift; path = DateFormatterExtension.swift; sourceTree = "<group>"; };
		9547A5582655728300C11DBE /* BookWithRating.swift */ = {isa = PBXFileReference; fileEncoding = 4; lastKnownFileType = sourcecode.swift; path = BookWithRating.swift; sourceTree = "<group>"; };
		9547A565265575A300C11DBE /* BookWithCopies.swift */ = {isa = PBXFileReference; fileEncoding = 4; lastKnownFileType = sourcecode.swift; path = BookWithCopies.swift; sourceTree = "<group>"; };
		9547A56A2655784D00C11DBE /* BookWithRatingView.swift */ = {isa = PBXFileReference; fileEncoding = 4; lastKnownFileType = sourcecode.swift; path = BookWithRatingView.swift; sourceTree = "<group>"; };
		955068792654277E008C3BC3 /* BookRaiting.swift */ = {isa = PBXFileReference; lastKnownFileType = sourcecode.swift; path = BookRaiting.swift; sourceTree = "<group>"; };
		95FB89A026376AC9002ABFF9 /* BookInstanceView.swift */ = {isa = PBXFileReference; fileEncoding = 4; lastKnownFileType = sourcecode.swift; path = BookInstanceView.swift; sourceTree = "<group>"; };
/* End PBXFileReference section */

/* Begin PBXFrameworksBuildPhase section */
		30DD202C261278FA00ED696C /* Frameworks */ = {
			isa = PBXFrameworksBuildPhase;
			buildActionMask = 2147483647;
			files = (
				9550688026542ED4008C3BC3 /* SwiftUIRefresh in Frameworks */,
			);
			runOnlyForDeploymentPostprocessing = 0;
		};
		30DD203D261278FD00ED696C /* Frameworks */ = {
			isa = PBXFrameworksBuildPhase;
			buildActionMask = 2147483647;
			files = (
			);
			runOnlyForDeploymentPostprocessing = 0;
		};
		30DD2048261278FD00ED696C /* Frameworks */ = {
			isa = PBXFrameworksBuildPhase;
			buildActionMask = 2147483647;
			files = (
			);
			runOnlyForDeploymentPostprocessing = 0;
		};
/* End PBXFrameworksBuildPhase section */

/* Begin PBXGroup section */
		3074A1B92634EB3D001965BB /* Models */ = {
			isa = PBXGroup;
			children = (
				30CD6C1A2617A04B00BAA7E4 /* Book.swift */,
				9547A565265575A300C11DBE /* BookWithCopies.swift */,
				9547A5582655728300C11DBE /* BookWithRating.swift */,
				9518D1C126374E5B00D76BDF /* BookInstance.swift */,
				30F1EB702636CE29005E6CBA /* Genre.swift */,
				9535B8902652CD32007E8274 /* User.swift */,
				3074A1C32635975E001965BB /* Author.swift */,
				955068792654277E008C3BC3 /* BookRaiting.swift */,
				3093E569265ABEAA00973AE9 /* CurrentAndRequiredRatings.swift */,
			);
			path = Models;
			sourceTree = "<group>";
		};
		30AB77A82636FCD70031A732 /* EntityViews */ = {
			isa = PBXGroup;
			children = (
				30AB77A92636FCF60031A732 /* BookView.swift */,
				9547A56A2655784D00C11DBE /* BookWithRatingView.swift */,
				95FB89A026376AC9002ABFF9 /* BookInstanceView.swift */,
			);
			path = EntityViews;
			sourceTree = "<group>";
		};
		30CD6C1626179F8500BAA7E4 /* Views */ = {
			isa = PBXGroup;
			children = (
				30AB77A82636FCD70031A732 /* EntityViews */,
				9518D1C626374F8300D76BDF /* BookDetailsView.swift */,
				30DD2034261278FA00ED696C /* BrowseBooksView.swift */,
				30743CC826166CC600F1C98D /* MainView.swift */,
				30743CDA2616719100F1C98D /* AccountView.swift */,
				30743CD226166E9E00F1C98D /* SuggestionsView.swift */,
				30743CCD26166D3000F1C98D /* RatedBooksView.swift */,
				9535B88B2652CB8C007E8274 /* LoginView.swift */,
				9535B89F26530513007E8274 /* PasswordEditView.swift */,
			);
			path = Views;
			sourceTree = "<group>";
		};
		30DD2026261278FA00ED696C = {
			isa = PBXGroup;
			children = (
				30DD2031261278FA00ED696C /* Library21 */,
				30DD2043261278FD00ED696C /* Library21Tests */,
				30DD204E261278FD00ED696C /* Library21UITests */,
				30DD2030261278FA00ED696C /* Products */,
			);
			sourceTree = "<group>";
		};
		30DD2030261278FA00ED696C /* Products */ = {
			isa = PBXGroup;
			children = (
				30DD202F261278FA00ED696C /* Library21.app */,
				30DD2040261278FD00ED696C /* Library21Tests.xctest */,
				30DD204B261278FD00ED696C /* Library21UITests.xctest */,
			);
			name = Products;
			sourceTree = "<group>";
		};
		30DD2031261278FA00ED696C /* Library21 */ = {
			isa = PBXGroup;
			children = (
				9535B8952652DBBE007E8274 /* Service */,
				9542BDEA2639C43600D22E5C /* Utils */,
				3074A1B92634EB3D001965BB /* Models */,
				30CD6C1626179F8500BAA7E4 /* Views */,
				30DD2032261278FA00ED696C /* Library21App.swift */,
				30DD2036261278FC00ED696C /* Assets.xcassets */,
				30DD203B261278FC00ED696C /* Info.plist */,
				30DD2038261278FC00ED696C /* Preview Content */,
			);
			path = Library21;
			sourceTree = "<group>";
		};
		30DD2038261278FC00ED696C /* Preview Content */ = {
			isa = PBXGroup;
			children = (
				30DD2039261278FC00ED696C /* Preview Assets.xcassets */,
			);
			path = "Preview Content";
			sourceTree = "<group>";
		};
		30DD2043261278FD00ED696C /* Library21Tests */ = {
			isa = PBXGroup;
			children = (
				30DD2044261278FD00ED696C /* Library21Tests.swift */,
				30DD2046261278FD00ED696C /* Info.plist */,
			);
			path = Library21Tests;
			sourceTree = "<group>";
		};
		30DD204E261278FD00ED696C /* Library21UITests */ = {
			isa = PBXGroup;
			children = (
				30DD204F261278FD00ED696C /* Library21UITests.swift */,
				30DD2051261278FD00ED696C /* Info.plist */,
			);
			path = Library21UITests;
			sourceTree = "<group>";
		};
		9535B8952652DBBE007E8274 /* Service */ = {
			isa = PBXGroup;
			children = (
				9535B8862652CB25007E8274 /* LibraryService.swift */,
			);
			path = Service;
			sourceTree = "<group>";
		};
		9542BDEA2639C43600D22E5C /* Utils */ = {
			isa = PBXGroup;
			children = (
				9542BDEB2639C44800D22E5C /* DateFormatterExtension.swift */,
			);
			path = Utils;
			sourceTree = "<group>";
		};
/* End PBXGroup section */

/* Begin PBXNativeTarget section */
		30DD202E261278FA00ED696C /* Library21 */ = {
			isa = PBXNativeTarget;
			buildConfigurationList = 30DD2054261278FD00ED696C /* Build configuration list for PBXNativeTarget "Library21" */;
			buildPhases = (
				30DD202B261278FA00ED696C /* Sources */,
				30DD202C261278FA00ED696C /* Frameworks */,
				30DD202D261278FA00ED696C /* Resources */,
			);
			buildRules = (
			);
			dependencies = (
			);
			name = Library21;
			packageProductDependencies = (
				9550687F26542ED4008C3BC3 /* SwiftUIRefresh */,
			);
			productName = Library21;
			productReference = 30DD202F261278FA00ED696C /* Library21.app */;
			productType = "com.apple.product-type.application";
		};
		30DD203F261278FD00ED696C /* Library21Tests */ = {
			isa = PBXNativeTarget;
			buildConfigurationList = 30DD2057261278FD00ED696C /* Build configuration list for PBXNativeTarget "Library21Tests" */;
			buildPhases = (
				30DD203C261278FD00ED696C /* Sources */,
				30DD203D261278FD00ED696C /* Frameworks */,
				30DD203E261278FD00ED696C /* Resources */,
			);
			buildRules = (
			);
			dependencies = (
				30DD2042261278FD00ED696C /* PBXTargetDependency */,
			);
			name = Library21Tests;
			productName = Library21Tests;
			productReference = 30DD2040261278FD00ED696C /* Library21Tests.xctest */;
			productType = "com.apple.product-type.bundle.unit-test";
		};
		30DD204A261278FD00ED696C /* Library21UITests */ = {
			isa = PBXNativeTarget;
			buildConfigurationList = 30DD205A261278FD00ED696C /* Build configuration list for PBXNativeTarget "Library21UITests" */;
			buildPhases = (
				30DD2047261278FD00ED696C /* Sources */,
				30DD2048261278FD00ED696C /* Frameworks */,
				30DD2049261278FD00ED696C /* Resources */,
			);
			buildRules = (
			);
			dependencies = (
				30DD204D261278FD00ED696C /* PBXTargetDependency */,
			);
			name = Library21UITests;
			productName = Library21UITests;
			productReference = 30DD204B261278FD00ED696C /* Library21UITests.xctest */;
			productType = "com.apple.product-type.bundle.ui-testing";
		};
/* End PBXNativeTarget section */

/* Begin PBXProject section */
		30DD2027261278FA00ED696C /* Project object */ = {
			isa = PBXProject;
			attributes = {
				LastSwiftUpdateCheck = 1240;
				LastUpgradeCheck = 1240;
				TargetAttributes = {
					30DD202E261278FA00ED696C = {
						CreatedOnToolsVersion = 12.4;
					};
					30DD203F261278FD00ED696C = {
						CreatedOnToolsVersion = 12.4;
						TestTargetID = 30DD202E261278FA00ED696C;
					};
					30DD204A261278FD00ED696C = {
						CreatedOnToolsVersion = 12.4;
						TestTargetID = 30DD202E261278FA00ED696C;
					};
				};
			};
			buildConfigurationList = 30DD202A261278FA00ED696C /* Build configuration list for PBXProject "Library21" */;
			compatibilityVersion = "Xcode 12.0";
			developmentRegion = en;
			hasScannedForEncodings = 0;
			knownRegions = (
				en,
				Base,
			);
			mainGroup = 30DD2026261278FA00ED696C;
			packageReferences = (
				9550687E26542ED4008C3BC3 /* XCRemoteSwiftPackageReference "SwiftUIRefresh" */,
			);
			productRefGroup = 30DD2030261278FA00ED696C /* Products */;
			projectDirPath = "";
			projectRoot = "";
			targets = (
				30DD202E261278FA00ED696C /* Library21 */,
				30DD203F261278FD00ED696C /* Library21Tests */,
				30DD204A261278FD00ED696C /* Library21UITests */,
			);
		};
/* End PBXProject section */

/* Begin PBXResourcesBuildPhase section */
		30DD202D261278FA00ED696C /* Resources */ = {
			isa = PBXResourcesBuildPhase;
			buildActionMask = 2147483647;
			files = (
				30DD203A261278FC00ED696C /* Preview Assets.xcassets in Resources */,
				30DD2037261278FC00ED696C /* Assets.xcassets in Resources */,
			);
			runOnlyForDeploymentPostprocessing = 0;
		};
		30DD203E261278FD00ED696C /* Resources */ = {
			isa = PBXResourcesBuildPhase;
			buildActionMask = 2147483647;
			files = (
			);
			runOnlyForDeploymentPostprocessing = 0;
		};
		30DD2049261278FD00ED696C /* Resources */ = {
			isa = PBXResourcesBuildPhase;
			buildActionMask = 2147483647;
			files = (
			);
			runOnlyForDeploymentPostprocessing = 0;
		};
/* End PBXResourcesBuildPhase section */

/* Begin PBXSourcesBuildPhase section */
		30DD202B261278FA00ED696C /* Sources */ = {
			isa = PBXSourcesBuildPhase;
			buildActionMask = 2147483647;
			files = (
				30F1EB712636CE29005E6CBA /* Genre.swift in Sources */,
				30743CDB2616719100F1C98D /* AccountView.swift in Sources */,
				9542BDEC2639C44800D22E5C /* DateFormatterExtension.swift in Sources */,
				30743CCE26166D3000F1C98D /* RatedBooksView.swift in Sources */,
				3074A1C42635975E001965BB /* Author.swift in Sources */,
				9535B8A026530513007E8274 /* PasswordEditView.swift in Sources */,
				9518D1C726374F8300D76BDF /* BookDetailsView.swift in Sources */,
				95FB89A126376AC9002ABFF9 /* BookInstanceView.swift in Sources */,
				9550687A2654277E008C3BC3 /* BookRaiting.swift in Sources */,
				3093E56A265ABEAA00973AE9 /* CurrentAndRequiredRatings.swift in Sources */,
				9535B8912652CD32007E8274 /* User.swift in Sources */,
				30DD2035261278FA00ED696C /* BrowseBooksView.swift in Sources */,
				30CD6C1B2617A04B00BAA7E4 /* Book.swift in Sources */,
				30743CC926166CC600F1C98D /* MainView.swift in Sources */,
				30DD2033261278FA00ED696C /* Library21App.swift in Sources */,
				9547A56B2655784D00C11DBE /* BookWithRatingView.swift in Sources */,
				9535B8872652CB25007E8274 /* LibraryService.swift in Sources */,
				9518D1C226374E5B00D76BDF /* BookInstance.swift in Sources */,
				30743CD326166E9E00F1C98D /* SuggestionsView.swift in Sources */,
				9535B88C2652CB8C007E8274 /* LoginView.swift in Sources */,
				9547A566265575A300C11DBE /* BookWithCopies.swift in Sources */,
				30AB77AA2636FCF60031A732 /* BookView.swift in Sources */,
				9547A5592655728300C11DBE /* BookWithRating.swift in Sources */,
			);
			runOnlyForDeploymentPostprocessing = 0;
		};
		30DD203C261278FD00ED696C /* Sources */ = {
			isa = PBXSourcesBuildPhase;
			buildActionMask = 2147483647;
			files = (
				30DD2045261278FD00ED696C /* Library21Tests.swift in Sources */,
			);
			runOnlyForDeploymentPostprocessing = 0;
		};
		30DD2047261278FD00ED696C /* Sources */ = {
			isa = PBXSourcesBuildPhase;
			buildActionMask = 2147483647;
			files = (
				30DD2050261278FD00ED696C /* Library21UITests.swift in Sources */,
			);
			runOnlyForDeploymentPostprocessing = 0;
		};
/* End PBXSourcesBuildPhase section */

/* Begin PBXTargetDependency section */
		30DD2042261278FD00ED696C /* PBXTargetDependency */ = {
			isa = PBXTargetDependency;
			target = 30DD202E261278FA00ED696C /* Library21 */;
			targetProxy = 30DD2041261278FD00ED696C /* PBXContainerItemProxy */;
		};
		30DD204D261278FD00ED696C /* PBXTargetDependency */ = {
			isa = PBXTargetDependency;
			target = 30DD202E261278FA00ED696C /* Library21 */;
			targetProxy = 30DD204C261278FD00ED696C /* PBXContainerItemProxy */;
		};
/* End PBXTargetDependency section */

/* Begin XCBuildConfiguration section */
		30DD2052261278FD00ED696C /* Debug */ = {
			isa = XCBuildConfiguration;
			buildSettings = {
				ALWAYS_SEARCH_USER_PATHS = NO;
				CLANG_ANALYZER_NONNULL = YES;
				CLANG_ANALYZER_NUMBER_OBJECT_CONVERSION = YES_AGGRESSIVE;
				CLANG_CXX_LANGUAGE_STANDARD = "gnu++14";
				CLANG_CXX_LIBRARY = "libc++";
				CLANG_ENABLE_MODULES = YES;
				CLANG_ENABLE_OBJC_ARC = YES;
				CLANG_ENABLE_OBJC_WEAK = YES;
				CLANG_WARN_BLOCK_CAPTURE_AUTORELEASING = YES;
				CLANG_WARN_BOOL_CONVERSION = YES;
				CLANG_WARN_COMMA = YES;
				CLANG_WARN_CONSTANT_CONVERSION = YES;
				CLANG_WARN_DEPRECATED_OBJC_IMPLEMENTATIONS = YES;
				CLANG_WARN_DIRECT_OBJC_ISA_USAGE = YES_ERROR;
				CLANG_WARN_DOCUMENTATION_COMMENTS = YES;
				CLANG_WARN_EMPTY_BODY = YES;
				CLANG_WARN_ENUM_CONVERSION = YES;
				CLANG_WARN_INFINITE_RECURSION = YES;
				CLANG_WARN_INT_CONVERSION = YES;
				CLANG_WARN_NON_LITERAL_NULL_CONVERSION = YES;
				CLANG_WARN_OBJC_IMPLICIT_RETAIN_SELF = YES;
				CLANG_WARN_OBJC_LITERAL_CONVERSION = YES;
				CLANG_WARN_OBJC_ROOT_CLASS = YES_ERROR;
				CLANG_WARN_QUOTED_INCLUDE_IN_FRAMEWORK_HEADER = YES;
				CLANG_WARN_RANGE_LOOP_ANALYSIS = YES;
				CLANG_WARN_STRICT_PROTOTYPES = YES;
				CLANG_WARN_SUSPICIOUS_MOVE = YES;
				CLANG_WARN_UNGUARDED_AVAILABILITY = YES_AGGRESSIVE;
				CLANG_WARN_UNREACHABLE_CODE = YES;
				CLANG_WARN__DUPLICATE_METHOD_MATCH = YES;
				COPY_PHASE_STRIP = NO;
				DEBUG_INFORMATION_FORMAT = dwarf;
				ENABLE_STRICT_OBJC_MSGSEND = YES;
				ENABLE_TESTABILITY = YES;
				GCC_C_LANGUAGE_STANDARD = gnu11;
				GCC_DYNAMIC_NO_PIC = NO;
				GCC_NO_COMMON_BLOCKS = YES;
				GCC_OPTIMIZATION_LEVEL = 0;
				GCC_PREPROCESSOR_DEFINITIONS = (
					"DEBUG=1",
					"$(inherited)",
				);
				GCC_WARN_64_TO_32_BIT_CONVERSION = YES;
				GCC_WARN_ABOUT_RETURN_TYPE = YES_ERROR;
				GCC_WARN_UNDECLARED_SELECTOR = YES;
				GCC_WARN_UNINITIALIZED_AUTOS = YES_AGGRESSIVE;
				GCC_WARN_UNUSED_FUNCTION = YES;
				GCC_WARN_UNUSED_VARIABLE = YES;
				IPHONEOS_DEPLOYMENT_TARGET = 14.4;
				MTL_ENABLE_DEBUG_INFO = INCLUDE_SOURCE;
				MTL_FAST_MATH = YES;
				ONLY_ACTIVE_ARCH = YES;
				SDKROOT = iphoneos;
				SWIFT_ACTIVE_COMPILATION_CONDITIONS = DEBUG;
				SWIFT_OPTIMIZATION_LEVEL = "-Onone";
			};
			name = Debug;
		};
		30DD2053261278FD00ED696C /* Release */ = {
			isa = XCBuildConfiguration;
			buildSettings = {
				ALWAYS_SEARCH_USER_PATHS = NO;
				CLANG_ANALYZER_NONNULL = YES;
				CLANG_ANALYZER_NUMBER_OBJECT_CONVERSION = YES_AGGRESSIVE;
				CLANG_CXX_LANGUAGE_STANDARD = "gnu++14";
				CLANG_CXX_LIBRARY = "libc++";
				CLANG_ENABLE_MODULES = YES;
				CLANG_ENABLE_OBJC_ARC = YES;
				CLANG_ENABLE_OBJC_WEAK = YES;
				CLANG_WARN_BLOCK_CAPTURE_AUTORELEASING = YES;
				CLANG_WARN_BOOL_CONVERSION = YES;
				CLANG_WARN_COMMA = YES;
				CLANG_WARN_CONSTANT_CONVERSION = YES;
				CLANG_WARN_DEPRECATED_OBJC_IMPLEMENTATIONS = YES;
				CLANG_WARN_DIRECT_OBJC_ISA_USAGE = YES_ERROR;
				CLANG_WARN_DOCUMENTATION_COMMENTS = YES;
				CLANG_WARN_EMPTY_BODY = YES;
				CLANG_WARN_ENUM_CONVERSION = YES;
				CLANG_WARN_INFINITE_RECURSION = YES;
				CLANG_WARN_INT_CONVERSION = YES;
				CLANG_WARN_NON_LITERAL_NULL_CONVERSION = YES;
				CLANG_WARN_OBJC_IMPLICIT_RETAIN_SELF = YES;
				CLANG_WARN_OBJC_LITERAL_CONVERSION = YES;
				CLANG_WARN_OBJC_ROOT_CLASS = YES_ERROR;
				CLANG_WARN_QUOTED_INCLUDE_IN_FRAMEWORK_HEADER = YES;
				CLANG_WARN_RANGE_LOOP_ANALYSIS = YES;
				CLANG_WARN_STRICT_PROTOTYPES = YES;
				CLANG_WARN_SUSPICIOUS_MOVE = YES;
				CLANG_WARN_UNGUARDED_AVAILABILITY = YES_AGGRESSIVE;
				CLANG_WARN_UNREACHABLE_CODE = YES;
				CLANG_WARN__DUPLICATE_METHOD_MATCH = YES;
				COPY_PHASE_STRIP = NO;
				DEBUG_INFORMATION_FORMAT = "dwarf-with-dsym";
				ENABLE_NS_ASSERTIONS = NO;
				ENABLE_STRICT_OBJC_MSGSEND = YES;
				GCC_C_LANGUAGE_STANDARD = gnu11;
				GCC_NO_COMMON_BLOCKS = YES;
				GCC_WARN_64_TO_32_BIT_CONVERSION = YES;
				GCC_WARN_ABOUT_RETURN_TYPE = YES_ERROR;
				GCC_WARN_UNDECLARED_SELECTOR = YES;
				GCC_WARN_UNINITIALIZED_AUTOS = YES_AGGRESSIVE;
				GCC_WARN_UNUSED_FUNCTION = YES;
				GCC_WARN_UNUSED_VARIABLE = YES;
				IPHONEOS_DEPLOYMENT_TARGET = 14.4;
				MTL_ENABLE_DEBUG_INFO = NO;
				MTL_FAST_MATH = YES;
				SDKROOT = iphoneos;
				SWIFT_COMPILATION_MODE = wholemodule;
				SWIFT_OPTIMIZATION_LEVEL = "-O";
				VALIDATE_PRODUCT = YES;
			};
			name = Release;
		};
		30DD2055261278FD00ED696C /* Debug */ = {
			isa = XCBuildConfiguration;
			buildSettings = {
				ASSETCATALOG_COMPILER_APPICON_NAME = AppIcon;
				ASSETCATALOG_COMPILER_GLOBAL_ACCENT_COLOR_NAME = AccentColor;
				CODE_SIGN_STYLE = Automatic;
				DEVELOPMENT_ASSET_PATHS = "\"Library21/Preview Content\"";
				DEVELOPMENT_TEAM = N76DMU3K67;
				ENABLE_PREVIEWS = YES;
				INFOPLIST_FILE = Library21/Info.plist;
				IPHONEOS_DEPLOYMENT_TARGET = 14.0;
				LD_RUNPATH_SEARCH_PATHS = (
					"$(inherited)",
					"@executable_path/Frameworks",
				);
				PRODUCT_BUNDLE_IDENTIFIER = Kacper.Library21;
				PRODUCT_NAME = "$(TARGET_NAME)";
				SWIFT_VERSION = 5.0;
				TARGETED_DEVICE_FAMILY = "1,2";
			};
			name = Debug;
		};
		30DD2056261278FD00ED696C /* Release */ = {
			isa = XCBuildConfiguration;
			buildSettings = {
				ASSETCATALOG_COMPILER_APPICON_NAME = AppIcon;
				ASSETCATALOG_COMPILER_GLOBAL_ACCENT_COLOR_NAME = AccentColor;
				CODE_SIGN_STYLE = Automatic;
				DEVELOPMENT_ASSET_PATHS = "\"Library21/Preview Content\"";
				DEVELOPMENT_TEAM = N76DMU3K67;
				ENABLE_PREVIEWS = YES;
				INFOPLIST_FILE = Library21/Info.plist;
				IPHONEOS_DEPLOYMENT_TARGET = 14.0;
				LD_RUNPATH_SEARCH_PATHS = (
					"$(inherited)",
					"@executable_path/Frameworks",
				);
				PRODUCT_BUNDLE_IDENTIFIER = Kacper.Library21;
				PRODUCT_NAME = "$(TARGET_NAME)";
				SWIFT_VERSION = 5.0;
				TARGETED_DEVICE_FAMILY = "1,2";
			};
			name = Release;
		};
		30DD2058261278FD00ED696C /* Debug */ = {
			isa = XCBuildConfiguration;
			buildSettings = {
				ALWAYS_EMBED_SWIFT_STANDARD_LIBRARIES = YES;
				BUNDLE_LOADER = "$(TEST_HOST)";
				CODE_SIGN_STYLE = Automatic;
				DEVELOPMENT_TEAM = N76DMU3K67;
				INFOPLIST_FILE = Library21Tests/Info.plist;
				IPHONEOS_DEPLOYMENT_TARGET = 14.0;
				LD_RUNPATH_SEARCH_PATHS = (
					"$(inherited)",
					"@executable_path/Frameworks",
					"@loader_path/Frameworks",
				);
				PRODUCT_BUNDLE_IDENTIFIER = Kacper.Library21Tests;
				PRODUCT_NAME = "$(TARGET_NAME)";
				SWIFT_VERSION = 5.0;
				TARGETED_DEVICE_FAMILY = "1,2";
				TEST_HOST = "$(BUILT_PRODUCTS_DIR)/Library21.app/Library21";
			};
			name = Debug;
		};
		30DD2059261278FD00ED696C /* Release */ = {
			isa = XCBuildConfiguration;
			buildSettings = {
				ALWAYS_EMBED_SWIFT_STANDARD_LIBRARIES = YES;
				BUNDLE_LOADER = "$(TEST_HOST)";
				CODE_SIGN_STYLE = Automatic;
				DEVELOPMENT_TEAM = N76DMU3K67;
				INFOPLIST_FILE = Library21Tests/Info.plist;
				IPHONEOS_DEPLOYMENT_TARGET = 14.0;
				LD_RUNPATH_SEARCH_PATHS = (
					"$(inherited)",
					"@executable_path/Frameworks",
					"@loader_path/Frameworks",
				);
				PRODUCT_BUNDLE_IDENTIFIER = Kacper.Library21Tests;
				PRODUCT_NAME = "$(TARGET_NAME)";
				SWIFT_VERSION = 5.0;
				TARGETED_DEVICE_FAMILY = "1,2";
				TEST_HOST = "$(BUILT_PRODUCTS_DIR)/Library21.app/Library21";
			};
			name = Release;
		};
		30DD205B261278FD00ED696C /* Debug */ = {
			isa = XCBuildConfiguration;
			buildSettings = {
				ALWAYS_EMBED_SWIFT_STANDARD_LIBRARIES = YES;
				CODE_SIGN_STYLE = Automatic;
				DEVELOPMENT_TEAM = N76DMU3K67;
				INFOPLIST_FILE = Library21UITests/Info.plist;
				LD_RUNPATH_SEARCH_PATHS = (
					"$(inherited)",
					"@executable_path/Frameworks",
					"@loader_path/Frameworks",
				);
				PRODUCT_BUNDLE_IDENTIFIER = Kacper.Library21UITests;
				PRODUCT_NAME = "$(TARGET_NAME)";
				SWIFT_VERSION = 5.0;
				TARGETED_DEVICE_FAMILY = "1,2";
				TEST_TARGET_NAME = Library21;
			};
			name = Debug;
		};
		30DD205C261278FD00ED696C /* Release */ = {
			isa = XCBuildConfiguration;
			buildSettings = {
				ALWAYS_EMBED_SWIFT_STANDARD_LIBRARIES = YES;
				CODE_SIGN_STYLE = Automatic;
				DEVELOPMENT_TEAM = N76DMU3K67;
				INFOPLIST_FILE = Library21UITests/Info.plist;
				LD_RUNPATH_SEARCH_PATHS = (
					"$(inherited)",
					"@executable_path/Frameworks",
					"@loader_path/Frameworks",
				);
				PRODUCT_BUNDLE_IDENTIFIER = Kacper.Library21UITests;
				PRODUCT_NAME = "$(TARGET_NAME)";
				SWIFT_VERSION = 5.0;
				TARGETED_DEVICE_FAMILY = "1,2";
				TEST_TARGET_NAME = Library21;
			};
			name = Release;
		};
/* End XCBuildConfiguration section */

/* Begin XCConfigurationList section */
		30DD202A261278FA00ED696C /* Build configuration list for PBXProject "Library21" */ = {
			isa = XCConfigurationList;
			buildConfigurations = (
				30DD2052261278FD00ED696C /* Debug */,
				30DD2053261278FD00ED696C /* Release */,
			);
			defaultConfigurationIsVisible = 0;
			defaultConfigurationName = Release;
		};
		30DD2054261278FD00ED696C /* Build configuration list for PBXNativeTarget "Library21" */ = {
			isa = XCConfigurationList;
			buildConfigurations = (
				30DD2055261278FD00ED696C /* Debug */,
				30DD2056261278FD00ED696C /* Release */,
			);
			defaultConfigurationIsVisible = 0;
			defaultConfigurationName = Release;
		};
		30DD2057261278FD00ED696C /* Build configuration list for PBXNativeTarget "Library21Tests" */ = {
			isa = XCConfigurationList;
			buildConfigurations = (
				30DD2058261278FD00ED696C /* Debug */,
				30DD2059261278FD00ED696C /* Release */,
			);
			defaultConfigurationIsVisible = 0;
			defaultConfigurationName = Release;
		};
		30DD205A261278FD00ED696C /* Build configuration list for PBXNativeTarget "Library21UITests" */ = {
			isa = XCConfigurationList;
			buildConfigurations = (
				30DD205B261278FD00ED696C /* Debug */,
				30DD205C261278FD00ED696C /* Release */,
			);
			defaultConfigurationIsVisible = 0;
			defaultConfigurationName = Release;
		};
/* End XCConfigurationList section */

/* Begin XCRemoteSwiftPackageReference section */
		9550687E26542ED4008C3BC3 /* XCRemoteSwiftPackageReference "SwiftUIRefresh" */ = {
			isa = XCRemoteSwiftPackageReference;
			repositoryURL = "https://github.com/timbersoftware/SwiftUIRefresh.git";
			requirement = {
				branch = master;
				kind = branch;
			};
		};
/* End XCRemoteSwiftPackageReference section */

/* Begin XCSwiftPackageProductDependency section */
		9550687F26542ED4008C3BC3 /* SwiftUIRefresh */ = {
			isa = XCSwiftPackageProductDependency;
			package = 9550687E26542ED4008C3BC3 /* XCRemoteSwiftPackageReference "SwiftUIRefresh" */;
			productName = SwiftUIRefresh;
		};
/* End XCSwiftPackageProductDependency section */
	};
	rootObject = 30DD2027261278FA00ED696C /* Project object */;
}
