// !$*UTF8*$!
{
	archiveVersion = 1;
	classes = {
	};
	objectVersion = 54;
	objects = {

/* Begin PBXBuildFile section */
		30743CC926166CC600F1C98D /* MainView.swift in Sources */ = {isa = PBXBuildFile; fileRef = 30743CC826166CC600F1C98D /* MainView.swift */; };
		30743CCE26166D3000F1C98D /* PastRentalsView.swift in Sources */ = {isa = PBXBuildFile; fileRef = 30743CCD26166D3000F1C98D /* PastRentalsView.swift */; };
		30743CD326166E9E00F1C98D /* SuggestedRentalsView.swift in Sources */ = {isa = PBXBuildFile; fileRef = 30743CD226166E9E00F1C98D /* SuggestedRentalsView.swift */; };
		30743CDB2616719100F1C98D /* AccountView.swift in Sources */ = {isa = PBXBuildFile; fileRef = 30743CDA2616719100F1C98D /* AccountView.swift */; };
		30CD6C1B2617A04B00BAA7E4 /* Rental.swift in Sources */ = {isa = PBXBuildFile; fileRef = 30CD6C1A2617A04B00BAA7E4 /* Rental.swift */; };
		30DD2033261278FA00ED696C /* Library21App.swift in Sources */ = {isa = PBXBuildFile; fileRef = 30DD2032261278FA00ED696C /* Library21App.swift */; };
		30DD2035261278FA00ED696C /* CurrentRentalsView.swift in Sources */ = {isa = PBXBuildFile; fileRef = 30DD2034261278FA00ED696C /* CurrentRentalsView.swift */; };
		30DD2037261278FC00ED696C /* Assets.xcassets in Resources */ = {isa = PBXBuildFile; fileRef = 30DD2036261278FC00ED696C /* Assets.xcassets */; };
		30DD203A261278FC00ED696C /* Preview Assets.xcassets in Resources */ = {isa = PBXBuildFile; fileRef = 30DD2039261278FC00ED696C /* Preview Assets.xcassets */; };
		30DD2045261278FD00ED696C /* Library21Tests.swift in Sources */ = {isa = PBXBuildFile; fileRef = 30DD2044261278FD00ED696C /* Library21Tests.swift */; };
		30DD2050261278FD00ED696C /* Library21UITests.swift in Sources */ = {isa = PBXBuildFile; fileRef = 30DD204F261278FD00ED696C /* Library21UITests.swift */; };
/* End PBXBuildFile section */

/* Begin PBXContainerItemProxy section */
		30DD2041261278FD00ED696C /* PBXContainerItemProxy */ = {
			isa = PBXContainerItemProxy;
			containerPortal = 30DD2027261278FA00ED696C /* Project object */;
			proxyType = 1;
			remoteGlobalIDString = 30DD202E261278FA00ED696C;
			remoteInfo = Library21;
		};
		30DD204C261278FD00ED696C /* PBXContainerItemProxy */ = {
			isa = PBXContainerItemProxy;
			containerPortal = 30DD2027261278FA00ED696C /* Project object */;
			proxyType = 1;
			remoteGlobalIDString = 30DD202E261278FA00ED696C;
			remoteInfo = Library21;
		};
/* End PBXContainerItemProxy section */

/* Begin PBXFileReference section */
		30743CC826166CC600F1C98D /* MainView.swift */ = {isa = PBXFileReference; lastKnownFileType = sourcecode.swift; path = MainView.swift; sourceTree = "<group>"; };
		30743CCD26166D3000F1C98D /* PastRentalsView.swift */ = {isa = PBXFileReference; lastKnownFileType = sourcecode.swift; path = PastRentalsView.swift; sourceTree = "<group>"; };
		30743CD226166E9E00F1C98D /* SuggestedRentalsView.swift */ = {isa = PBXFileReference; lastKnownFileType = sourcecode.swift; path = SuggestedRentalsView.swift; sourceTree = "<group>"; };
		30743CDA2616719100F1C98D /* AccountView.swift */ = {isa = PBXFileReference; lastKnownFileType = sourcecode.swift; path = AccountView.swift; sourceTree = "<group>"; };
		30CD6C1A2617A04B00BAA7E4 /* Rental.swift */ = {isa = PBXFileReference; lastKnownFileType = sourcecode.swift; path = Rental.swift; sourceTree = "<group>"; };
		30DD202F261278FA00ED696C /* Library21.app */ = {isa = PBXFileReference; explicitFileType = wrapper.application; includeInIndex = 0; path = Library21.app; sourceTree = BUILT_PRODUCTS_DIR; };
		30DD2032261278FA00ED696C /* Library21App.swift */ = {isa = PBXFileReference; lastKnownFileType = sourcecode.swift; path = Library21App.swift; sourceTree = "<group>"; };
		30DD2034261278FA00ED696C /* CurrentRentalsView.swift */ = {isa = PBXFileReference; lastKnownFileType = sourcecode.swift; path = CurrentRentalsView.swift; sourceTree = "<group>"; };
		30DD2036261278FC00ED696C /* Assets.xcassets */ = {isa = PBXFileReference; lastKnownFileType = folder.assetcatalog; path = Assets.xcassets; sourceTree = "<group>"; };
		30DD2039261278FC00ED696C /* Preview Assets.xcassets */ = {isa = PBXFileReference; lastKnownFileType = folder.assetcatalog; path = "Preview Assets.xcassets"; sourceTree = "<group>"; };
		30DD203B261278FC00ED696C /* Info.plist */ = {isa = PBXFileReference; lastKnownFileType = text.plist.xml; path = Info.plist; sourceTree = "<group>"; };
		30DD2040261278FD00ED696C /* Library21Tests.xctest */ = {isa = PBXFileReference; explicitFileType = wrapper.cfbundle; includeInIndex = 0; path = Library21Tests.xctest; sourceTree = BUILT_PRODUCTS_DIR; };
		30DD2044261278FD00ED696C /* Library21Tests.swift */ = {isa = PBXFileReference; lastKnownFileType = sourcecode.swift; path = Library21Tests.swift; sourceTree = "<group>"; };
		30DD2046261278FD00ED696C /* Info.plist */ = {isa = PBXFileReference; lastKnownFileType = text.plist.xml; path = Info.plist; sourceTree = "<group>"; };
		30DD204B261278FD00ED696C /* Library21UITests.xctest */ = {isa = PBXFileReference; explicitFileType = wrapper.cfbundle; includeInIndex = 0; path = Library21UITests.xctest; sourceTree = BUILT_PRODUCTS_DIR; };
		30DD204F261278FD00ED696C /* Library21UITests.swift */ = {isa = PBXFileReference; lastKnownFileType = sourcecode.swift; path = Library21UITests.swift; sourceTree = "<group>"; };
		30DD2051261278FD00ED696C /* Info.plist */ = {isa = PBXFileReference; lastKnownFileType = text.plist.xml; path = Info.plist; sourceTree = "<group>"; };
/* End PBXFileReference section */

/* Begin PBXFrameworksBuildPhase section */
		30DD202C261278FA00ED696C /* Frameworks */ = {
			isa = PBXFrameworksBuildPhase;
			buildActionMask = 2147483647;
			files = (
			);
			runOnlyForDeploymentPostprocessing = 0;
		};
		30DD203D261278FD00ED696C /* Frameworks */ = {
			isa = PBXFrameworksBuildPhase;
			buildActionMask = 2147483647;
			files = (
			);
			runOnlyForDeploymentPostprocessing = 0;
		};
		30DD2048261278FD00ED696C /* Frameworks */ = {
			isa = PBXFrameworksBuildPhase;
			buildActionMask = 2147483647;
			files = (
			);
			runOnlyForDeploymentPostprocessing = 0;
		};
/* End PBXFrameworksBuildPhase section */

/* Begin PBXGroup section */
		30CD6C1626179F8500BAA7E4 /* Views */ = {
			isa = PBXGroup;
			children = (
				30DD2034261278FA00ED696C /* CurrentRentalsView.swift */,
				30743CC826166CC600F1C98D /* MainView.swift */,
				30743CDA2616719100F1C98D /* AccountView.swift */,
				30743CD226166E9E00F1C98D /* SuggestedRentalsView.swift */,
				30743CCD26166D3000F1C98D /* PastRentalsView.swift */,
			);
			path = Views;
			sourceTree = "<group>";
		};
		30DD2026261278FA00ED696C = {
			isa = PBXGroup;
			children = (
				30DD2031261278FA00ED696C /* Library21 */,
				30DD2043261278FD00ED696C /* Library21Tests */,
				30DD204E261278FD00ED696C /* Library21UITests */,
				30DD2030261278FA00ED696C /* Products */,
			);
			sourceTree = "<group>";
		};
		30DD2030261278FA00ED696C /* Products */ = {
			isa = PBXGroup;
			children = (
				30DD202F261278FA00ED696C /* Library21.app */,
				30DD2040261278FD00ED696C /* Library21Tests.xctest */,
				30DD204B261278FD00ED696C /* Library21UITests.xctest */,
			);
			name = Products;
			sourceTree = "<group>";
		};
		30DD2031261278FA00ED696C /* Library21 */ = {
			isa = PBXGroup;
			children = (
				30CD6C1A2617A04B00BAA7E4 /* Rental.swift */,
				30CD6C1626179F8500BAA7E4 /* Views */,
				30DD2032261278FA00ED696C /* Library21App.swift */,
				30DD2036261278FC00ED696C /* Assets.xcassets */,
				30DD203B261278FC00ED696C /* Info.plist */,
				30DD2038261278FC00ED696C /* Preview Content */,
			);
			path = Library21;
			sourceTree = "<group>";
		};
		30DD2038261278FC00ED696C /* Preview Content */ = {
			isa = PBXGroup;
			children = (
				30DD2039261278FC00ED696C /* Preview Assets.xcassets */,
			);
			path = "Preview Content";
			sourceTree = "<group>";
		};
		30DD2043261278FD00ED696C /* Library21Tests */ = {
			isa = PBXGroup;
			children = (
				30DD2044261278FD00ED696C /* Library21Tests.swift */,
				30DD2046261278FD00ED696C /* Info.plist */,
			);
			path = Library21Tests;
			sourceTree = "<group>";
		};
		30DD204E261278FD00ED696C /* Library21UITests */ = {
			isa = PBXGroup;
			children = (
				30DD204F261278FD00ED696C /* Library21UITests.swift */,
				30DD2051261278FD00ED696C /* Info.plist */,
			);
			path = Library21UITests;
			sourceTree = "<group>";
		};
/* End PBXGroup section */

/* Begin PBXNativeTarget section */
		30DD202E261278FA00ED696C /* Library21 */ = {
			isa = PBXNativeTarget;
			buildConfigurationList = 30DD2054261278FD00ED696C /* Build configuration list for PBXNativeTarget "Library21" */;
			buildPhases = (
				30DD202B261278FA00ED696C /* Sources */,
				30DD202C261278FA00ED696C /* Frameworks */,
				30DD202D261278FA00ED696C /* Resources */,
			);
			buildRules = (
			);
			dependencies = (
			);
			name = Library21;
			productName = Library21;
			productReference = 30DD202F261278FA00ED696C /* Library21.app */;
			productType = "com.apple.product-type.application";
		};
		30DD203F261278FD00ED696C /* Library21Tests */ = {
			isa = PBXNativeTarget;
			buildConfigurationList = 30DD2057261278FD00ED696C /* Build configuration list for PBXNativeTarget "Library21Tests" */;
			buildPhases = (
				30DD203C261278FD00ED696C /* Sources */,
				30DD203D261278FD00ED696C /* Frameworks */,
				30DD203E261278FD00ED696C /* Resources */,
			);
			buildRules = (
			);
			dependencies = (
				30DD2042261278FD00ED696C /* PBXTargetDependency */,
			);
			name = Library21Tests;
			productName = Library21Tests;
			productReference = 30DD2040261278FD00ED696C /* Library21Tests.xctest */;
			productType = "com.apple.product-type.bundle.unit-test";
		};
		30DD204A261278FD00ED696C /* Library21UITests */ = {
			isa = PBXNativeTarget;
			buildConfigurationList = 30DD205A261278FD00ED696C /* Build configuration list for PBXNativeTarget "Library21UITests" */;
			buildPhases = (
				30DD2047261278FD00ED696C /* Sources */,
				30DD2048261278FD00ED696C /* Frameworks */,
				30DD2049261278FD00ED696C /* Resources */,
			);
			buildRules = (
			);
			dependencies = (
				30DD204D261278FD00ED696C /* PBXTargetDependency */,
			);
			name = Library21UITests;
			productName = Library21UITests;
			productReference = 30DD204B261278FD00ED696C /* Library21UITests.xctest */;
			productType = "com.apple.product-type.bundle.ui-testing";
		};
/* End PBXNativeTarget section */

/* Begin PBXProject section */
		30DD2027261278FA00ED696C /* Project object */ = {
			isa = PBXProject;
			attributes = {
				LastSwiftUpdateCheck = 1240;
				LastUpgradeCheck = 1240;
				TargetAttributes = {
					30DD202E261278FA00ED696C = {
						CreatedOnToolsVersion = 12.4;
					};
					30DD203F261278FD00ED696C = {
						CreatedOnToolsVersion = 12.4;
						TestTargetID = 30DD202E261278FA00ED696C;
					};
					30DD204A261278FD00ED696C = {
						CreatedOnToolsVersion = 12.4;
						TestTargetID = 30DD202E261278FA00ED696C;
					};
				};
			};
			buildConfigurationList = 30DD202A261278FA00ED696C /* Build configuration list for PBXProject "Library21" */;
			compatibilityVersion = "Xcode 12.0";
			developmentRegion = en;
			hasScannedForEncodings = 0;
			knownRegions = (
				en,
				Base,
			);
			mainGroup = 30DD2026261278FA00ED696C;
			productRefGroup = 30DD2030261278FA00ED696C /* Products */;
			projectDirPath = "";
			projectRoot = "";
			targets = (
				30DD202E261278FA00ED696C /* Library21 */,
				30DD203F261278FD00ED696C /* Library21Tests */,
				30DD204A261278FD00ED696C /* Library21UITests */,
			);
		};
/* End PBXProject section */

/* Begin PBXResourcesBuildPhase section */
		30DD202D261278FA00ED696C /* Resources */ = {
			isa = PBXResourcesBuildPhase;
			buildActionMask = 2147483647;
			files = (
				30DD203A261278FC00ED696C /* Preview Assets.xcassets in Resources */,
				30DD2037261278FC00ED696C /* Assets.xcassets in Resources */,
			);
			runOnlyForDeploymentPostprocessing = 0;
		};
		30DD203E261278FD00ED696C /* Resources */ = {
			isa = PBXResourcesBuildPhase;
			buildActionMask = 2147483647;
			files = (
			);
			runOnlyForDeploymentPostprocessing = 0;
		};
		30DD2049261278FD00ED696C /* Resources */ = {
			isa = PBXResourcesBuildPhase;
			buildActionMask = 2147483647;
			files = (
			);
			runOnlyForDeploymentPostprocessing = 0;
		};
/* End PBXResourcesBuildPhase section */

/* Begin PBXSourcesBuildPhase section */
		30DD202B261278FA00ED696C /* Sources */ = {
			isa = PBXSourcesBuildPhase;
			buildActionMask = 2147483647;
			files = (
				30743CDB2616719100F1C98D /* AccountView.swift in Sources */,
				30743CCE26166D3000F1C98D /* PastRentalsView.swift in Sources */,
				30DD2035261278FA00ED696C /* CurrentRentalsView.swift in Sources */,
				30CD6C1B2617A04B00BAA7E4 /* Rental.swift in Sources */,
				30743CC926166CC600F1C98D /* MainView.swift in Sources */,
				30DD2033261278FA00ED696C /* Library21App.swift in Sources */,
				30743CD326166E9E00F1C98D /* SuggestedRentalsView.swift in Sources */,
			);
			runOnlyForDeploymentPostprocessing = 0;
		};
		30DD203C261278FD00ED696C /* Sources */ = {
			isa = PBXSourcesBuildPhase;
			buildActionMask = 2147483647;
			files = (
				30DD2045261278FD00ED696C /* Library21Tests.swift in Sources */,
			);
			runOnlyForDeploymentPostprocessing = 0;
		};
		30DD2047261278FD00ED696C /* Sources */ = {
			isa = PBXSourcesBuildPhase;
			buildActionMask = 2147483647;
			files = (
				30DD2050261278FD00ED696C /* Library21UITests.swift in Sources */,
			);
			runOnlyForDeploymentPostprocessing = 0;
		};
/* End PBXSourcesBuildPhase section */

/* Begin PBXTargetDependency section */
		30DD2042261278FD00ED696C /* PBXTargetDependency */ = {
			isa = PBXTargetDependency;
			target = 30DD202E261278FA00ED696C /* Library21 */;
			targetProxy = 30DD2041261278FD00ED696C /* PBXContainerItemProxy */;
		};
		30DD204D261278FD00ED696C /* PBXTargetDependency */ = {
			isa = PBXTargetDependency;
			target = 30DD202E261278FA00ED696C /* Library21 */;
			targetProxy = 30DD204C261278FD00ED696C /* PBXContainerItemProxy */;
		};
/* End PBXTargetDependency section */

/* Begin XCBuildConfiguration section */
		30DD2052261278FD00ED696C /* Debug */ = {
			isa = XCBuildConfiguration;
			buildSettings = {
				ALWAYS_SEARCH_USER_PATHS = NO;
				CLANG_ANALYZER_NONNULL = YES;
				CLANG_ANALYZER_NUMBER_OBJECT_CONVERSION = YES_AGGRESSIVE;
				CLANG_CXX_LANGUAGE_STANDARD = "gnu++14";
				CLANG_CXX_LIBRARY = "libc++";
				CLANG_ENABLE_MODULES = YES;
				CLANG_ENABLE_OBJC_ARC = YES;
				CLANG_ENABLE_OBJC_WEAK = YES;
				CLANG_WARN_BLOCK_CAPTURE_AUTORELEASING = YES;
				CLANG_WARN_BOOL_CONVERSION = YES;
				CLANG_WARN_COMMA = YES;
				CLANG_WARN_CONSTANT_CONVERSION = YES;
				CLANG_WARN_DEPRECATED_OBJC_IMPLEMENTATIONS = YES;
				CLANG_WARN_DIRECT_OBJC_ISA_USAGE = YES_ERROR;
				CLANG_WARN_DOCUMENTATION_COMMENTS = YES;
				CLANG_WARN_EMPTY_BODY = YES;
				CLANG_WARN_ENUM_CONVERSION = YES;
				CLANG_WARN_INFINITE_RECURSION = YES;
				CLANG_WARN_INT_CONVERSION = YES;
				CLANG_WARN_NON_LITERAL_NULL_CONVERSION = YES;
				CLANG_WARN_OBJC_IMPLICIT_RETAIN_SELF = YES;
				CLANG_WARN_OBJC_LITERAL_CONVERSION = YES;
				CLANG_WARN_OBJC_ROOT_CLASS = YES_ERROR;
				CLANG_WARN_QUOTED_INCLUDE_IN_FRAMEWORK_HEADER = YES;
				CLANG_WARN_RANGE_LOOP_ANALYSIS = YES;
				CLANG_WARN_STRICT_PROTOTYPES = YES;
				CLANG_WARN_SUSPICIOUS_MOVE = YES;
				CLANG_WARN_UNGUARDED_AVAILABILITY = YES_AGGRESSIVE;
				CLANG_WARN_UNREACHABLE_CODE = YES;
				CLANG_WARN__DUPLICATE_METHOD_MATCH = YES;
				COPY_PHASE_STRIP = NO;
				DEBUG_INFORMATION_FORMAT = dwarf;
				ENABLE_STRICT_OBJC_MSGSEND = YES;
				ENABLE_TESTABILITY = YES;
				GCC_C_LANGUAGE_STANDARD = gnu11;
				GCC_DYNAMIC_NO_PIC = NO;
				GCC_NO_COMMON_BLOCKS = YES;
				GCC_OPTIMIZATION_LEVEL = 0;
				GCC_PREPROCESSOR_DEFINITIONS = (
					"DEBUG=1",
					"$(inherited)",
				);
				GCC_WARN_64_TO_32_BIT_CONVERSION = YES;
				GCC_WARN_ABOUT_RETURN_TYPE = YES_ERROR;
				GCC_WARN_UNDECLARED_SELECTOR = YES;
				GCC_WARN_UNINITIALIZED_AUTOS = YES_AGGRESSIVE;
				GCC_WARN_UNUSED_FUNCTION = YES;
				GCC_WARN_UNUSED_VARIABLE = YES;
				IPHONEOS_DEPLOYMENT_TARGET = 14.4;
				MTL_ENABLE_DEBUG_INFO = INCLUDE_SOURCE;
				MTL_FAST_MATH = YES;
				ONLY_ACTIVE_ARCH = YES;
				SDKROOT = iphoneos;
				SWIFT_ACTIVE_COMPILATION_CONDITIONS = DEBUG;
				SWIFT_OPTIMIZATION_LEVEL = "-Onone";
			};
			name = Debug;
		};
		30DD2053261278FD00ED696C /* Release */ = {
			isa = XCBuildConfiguration;
			buildSettings = {
				ALWAYS_SEARCH_USER_PATHS = NO;
				CLANG_ANALYZER_NONNULL = YES;
				CLANG_ANALYZER_NUMBER_OBJECT_CONVERSION = YES_AGGRESSIVE;
				CLANG_CXX_LANGUAGE_STANDARD = "gnu++14";
				CLANG_CXX_LIBRARY = "libc++";
				CLANG_ENABLE_MODULES = YES;
				CLANG_ENABLE_OBJC_ARC = YES;
				CLANG_ENABLE_OBJC_WEAK = YES;
				CLANG_WARN_BLOCK_CAPTURE_AUTORELEASING = YES;
				CLANG_WARN_BOOL_CONVERSION = YES;
				CLANG_WARN_COMMA = YES;
				CLANG_WARN_CONSTANT_CONVERSION = YES;
				CLANG_WARN_DEPRECATED_OBJC_IMPLEMENTATIONS = YES;
				CLANG_WARN_DIRECT_OBJC_ISA_USAGE = YES_ERROR;
				CLANG_WARN_DOCUMENTATION_COMMENTS = YES;
				CLANG_WARN_EMPTY_BODY = YES;
				CLANG_WARN_ENUM_CONVERSION = YES;
				CLANG_WARN_INFINITE_RECURSION = YES;
				CLANG_WARN_INT_CONVERSION = YES;
				CLANG_WARN_NON_LITERAL_NULL_CONVERSION = YES;
				CLANG_WARN_OBJC_IMPLICIT_RETAIN_SELF = YES;
				CLANG_WARN_OBJC_LITERAL_CONVERSION = YES;
				CLANG_WARN_OBJC_ROOT_CLASS = YES_ERROR;
				CLANG_WARN_QUOTED_INCLUDE_IN_FRAMEWORK_HEADER = YES;
				CLANG_WARN_RANGE_LOOP_ANALYSIS = YES;
				CLANG_WARN_STRICT_PROTOTYPES = YES;
				CLANG_WARN_SUSPICIOUS_MOVE = YES;
				CLANG_WARN_UNGUARDED_AVAILABILITY = YES_AGGRESSIVE;
				CLANG_WARN_UNREACHABLE_CODE = YES;
				CLANG_WARN__DUPLICATE_METHOD_MATCH = YES;
				COPY_PHASE_STRIP = NO;
				DEBUG_INFORMATION_FORMAT = "dwarf-with-dsym";
				ENABLE_NS_ASSERTIONS = NO;
				ENABLE_STRICT_OBJC_MSGSEND = YES;
				GCC_C_LANGUAGE_STANDARD = gnu11;
				GCC_NO_COMMON_BLOCKS = YES;
				GCC_WARN_64_TO_32_BIT_CONVERSION = YES;
				GCC_WARN_ABOUT_RETURN_TYPE = YES_ERROR;
				GCC_WARN_UNDECLARED_SELECTOR = YES;
				GCC_WARN_UNINITIALIZED_AUTOS = YES_AGGRESSIVE;
				GCC_WARN_UNUSED_FUNCTION = YES;
				GCC_WARN_UNUSED_VARIABLE = YES;
				IPHONEOS_DEPLOYMENT_TARGET = 14.4;
				MTL_ENABLE_DEBUG_INFO = NO;
				MTL_FAST_MATH = YES;
				SDKROOT = iphoneos;
				SWIFT_COMPILATION_MODE = wholemodule;
				SWIFT_OPTIMIZATION_LEVEL = "-O";
				VALIDATE_PRODUCT = YES;
			};
			name = Release;
		};
		30DD2055261278FD00ED696C /* Debug */ = {
			isa = XCBuildConfiguration;
			buildSettings = {
				ASSETCATALOG_COMPILER_APPICON_NAME = AppIcon;
				ASSETCATALOG_COMPILER_GLOBAL_ACCENT_COLOR_NAME = AccentColor;
				CODE_SIGN_STYLE = Automatic;
				DEVELOPMENT_ASSET_PATHS = "\"Library21/Preview Content\"";
				DEVELOPMENT_TEAM = N76DMU3K67;
				ENABLE_PREVIEWS = YES;
				INFOPLIST_FILE = Library21/Info.plist;
				IPHONEOS_DEPLOYMENT_TARGET = 14.0;
				LD_RUNPATH_SEARCH_PATHS = (
					"$(inherited)",
					"@executable_path/Frameworks",
				);
				PRODUCT_BUNDLE_IDENTIFIER = Kacper.Library21;
				PRODUCT_NAME = "$(TARGET_NAME)";
				SWIFT_VERSION = 5.0;
				TARGETED_DEVICE_FAMILY = "1,2";
			};
			name = Debug;
		};
		30DD2056261278FD00ED696C /* Release */ = {
			isa = XCBuildConfiguration;
			buildSettings = {
				ASSETCATALOG_COMPILER_APPICON_NAME = AppIcon;
				ASSETCATALOG_COMPILER_GLOBAL_ACCENT_COLOR_NAME = AccentColor;
				CODE_SIGN_STYLE = Automatic;
				DEVELOPMENT_ASSET_PATHS = "\"Library21/Preview Content\"";
				DEVELOPMENT_TEAM = N76DMU3K67;
				ENABLE_PREVIEWS = YES;
				INFOPLIST_FILE = Library21/Info.plist;
				IPHONEOS_DEPLOYMENT_TARGET = 14.0;
				LD_RUNPATH_SEARCH_PATHS = (
					"$(inherited)",
					"@executable_path/Frameworks",
				);
				PRODUCT_BUNDLE_IDENTIFIER = Kacper.Library21;
				PRODUCT_NAME = "$(TARGET_NAME)";
				SWIFT_VERSION = 5.0;
				TARGETED_DEVICE_FAMILY = "1,2";
			};
			name = Release;
		};
		30DD2058261278FD00ED696C /* Debug */ = {
			isa = XCBuildConfiguration;
			buildSettings = {
				ALWAYS_EMBED_SWIFT_STANDARD_LIBRARIES = YES;
				BUNDLE_LOADER = "$(TEST_HOST)";
				CODE_SIGN_STYLE = Automatic;
				DEVELOPMENT_TEAM = N76DMU3K67;
				INFOPLIST_FILE = Library21Tests/Info.plist;
				IPHONEOS_DEPLOYMENT_TARGET = 14.0;
				LD_RUNPATH_SEARCH_PATHS = (
					"$(inherited)",
					"@executable_path/Frameworks",
					"@loader_path/Frameworks",
				);
				PRODUCT_BUNDLE_IDENTIFIER = Kacper.Library21Tests;
				PRODUCT_NAME = "$(TARGET_NAME)";
				SWIFT_VERSION = 5.0;
				TARGETED_DEVICE_FAMILY = "1,2";
				TEST_HOST = "$(BUILT_PRODUCTS_DIR)/Library21.app/Library21";
			};
			name = Debug;
		};
		30DD2059261278FD00ED696C /* Release */ = {
			isa = XCBuildConfiguration;
			buildSettings = {
				ALWAYS_EMBED_SWIFT_STANDARD_LIBRARIES = YES;
				BUNDLE_LOADER = "$(TEST_HOST)";
				CODE_SIGN_STYLE = Automatic;
				DEVELOPMENT_TEAM = N76DMU3K67;
				INFOPLIST_FILE = Library21Tests/Info.plist;
				IPHONEOS_DEPLOYMENT_TARGET = 14.0;
				LD_RUNPATH_SEARCH_PATHS = (
					"$(inherited)",
					"@executable_path/Frameworks",
					"@loader_path/Frameworks",
				);
				PRODUCT_BUNDLE_IDENTIFIER = Kacper.Library21Tests;
				PRODUCT_NAME = "$(TARGET_NAME)";
				SWIFT_VERSION = 5.0;
				TARGETED_DEVICE_FAMILY = "1,2";
				TEST_HOST = "$(BUILT_PRODUCTS_DIR)/Library21.app/Library21";
			};
			name = Release;
		};
		30DD205B261278FD00ED696C /* Debug */ = {
			isa = XCBuildConfiguration;
			buildSettings = {
				ALWAYS_EMBED_SWIFT_STANDARD_LIBRARIES = YES;
				CODE_SIGN_STYLE = Automatic;
				DEVELOPMENT_TEAM = N76DMU3K67;
				INFOPLIST_FILE = Library21UITests/Info.plist;
				LD_RUNPATH_SEARCH_PATHS = (
					"$(inherited)",
					"@executable_path/Frameworks",
					"@loader_path/Frameworks",
				);
				PRODUCT_BUNDLE_IDENTIFIER = Kacper.Library21UITests;
				PRODUCT_NAME = "$(TARGET_NAME)";
				SWIFT_VERSION = 5.0;
				TARGETED_DEVICE_FAMILY = "1,2";
				TEST_TARGET_NAME = Library21;
			};
			name = Debug;
		};
		30DD205C261278FD00ED696C /* Release */ = {
			isa = XCBuildConfiguration;
			buildSettings = {
				ALWAYS_EMBED_SWIFT_STANDARD_LIBRARIES = YES;
				CODE_SIGN_STYLE = Automatic;
				DEVELOPMENT_TEAM = N76DMU3K67;
				INFOPLIST_FILE = Library21UITests/Info.plist;
				LD_RUNPATH_SEARCH_PATHS = (
					"$(inherited)",
					"@executable_path/Frameworks",
					"@loader_path/Frameworks",
				);
				PRODUCT_BUNDLE_IDENTIFIER = Kacper.Library21UITests;
				PRODUCT_NAME = "$(TARGET_NAME)";
				SWIFT_VERSION = 5.0;
				TARGETED_DEVICE_FAMILY = "1,2";
				TEST_TARGET_NAME = Library21;
			};
			name = Release;
		};
/* End XCBuildConfiguration section */

/* Begin XCConfigurationList section */
		30DD202A261278FA00ED696C /* Build configuration list for PBXProject "Library21" */ = {
			isa = XCConfigurationList;
			buildConfigurations = (
				30DD2052261278FD00ED696C /* Debug */,
				30DD2053261278FD00ED696C /* Release */,
			);
			defaultConfigurationIsVisible = 0;
			defaultConfigurationName = Release;
		};
		30DD2054261278FD00ED696C /* Build configuration list for PBXNativeTarget "Library21" */ = {
			isa = XCConfigurationList;
			buildConfigurations = (
				30DD2055261278FD00ED696C /* Debug */,
				30DD2056261278FD00ED696C /* Release */,
			);
			defaultConfigurationIsVisible = 0;
			defaultConfigurationName = Release;
		};
		30DD2057261278FD00ED696C /* Build configuration list for PBXNativeTarget "Library21Tests" */ = {
			isa = XCConfigurationList;
			buildConfigurations = (
				30DD2058261278FD00ED696C /* Debug */,
				30DD2059261278FD00ED696C /* Release */,
			);
			defaultConfigurationIsVisible = 0;
			defaultConfigurationName = Release;
		};
		30DD205A261278FD00ED696C /* Build configuration list for PBXNativeTarget "Library21UITests" */ = {
			isa = XCConfigurationList;
			buildConfigurations = (
				30DD205B261278FD00ED696C /* Debug */,
				30DD205C261278FD00ED696C /* Release */,
			);
			defaultConfigurationIsVisible = 0;
			defaultConfigurationName = Release;
		};
/* End XCConfigurationList section */
	};
	rootObject = 30DD2027261278FA00ED696C /* Project object */;
}
